// !$*UTF8*$!
{
	archiveVersion = 1;
	classes = {
	};
	objectVersion = 50;
	objects = {

/* Begin PBXBuildFile section */
		F19BCB0222D86154001853F1 /* AppDelegate.m in Sources */ = {isa = PBXBuildFile; fileRef = F19BCB0122D86154001853F1 /* AppDelegate.m */; };
		F19BCB0522D86154001853F1 /* ViewController.m in Sources */ = {isa = PBXBuildFile; fileRef = F19BCB0422D86154001853F1 /* ViewController.m */; };
		F19BCB0822D86154001853F1 /* Main.storyboard in Resources */ = {isa = PBXBuildFile; fileRef = F19BCB0622D86154001853F1 /* Main.storyboard */; };
		F19BCB0A22D86154001853F1 /* Assets.xcassets in Resources */ = {isa = PBXBuildFile; fileRef = F19BCB0922D86154001853F1 /* Assets.xcassets */; };
		F19BCB0D22D86154001853F1 /* LaunchScreen.storyboard in Resources */ = {isa = PBXBuildFile; fileRef = F19BCB0B22D86154001853F1 /* LaunchScreen.storyboard */; };
		F19BCB1022D86154001853F1 /* main.m in Sources */ = {isa = PBXBuildFile; fileRef = F19BCB0F22D86154001853F1 /* main.m */; };
		F19BCB1A22D86154001853F1 /* WXZCeilingViewTests.m in Sources */ = {isa = PBXBuildFile; fileRef = F19BCB1922D86154001853F1 /* WXZCeilingViewTests.m */; };
		F19BCB2522D86154001853F1 /* WXZCeilingViewUITests.m in Sources */ = {isa = PBXBuildFile; fileRef = F19BCB2422D86154001853F1 /* WXZCeilingViewUITests.m */; };
		F19BCB3522D8617C001853F1 /* WXZCeilingView.m in Sources */ = {isa = PBXBuildFile; fileRef = F19BCB3422D8617C001853F1 /* WXZCeilingView.m */; };
		F19BCB3B22D8806D001853F1 /* test.png in Resources */ = {isa = PBXBuildFile; fileRef = F19BCB3A22D8806D001853F1 /* test.png */; };
/* End PBXBuildFile section */

/* Begin PBXContainerItemProxy section */
		F19BCB1622D86154001853F1 /* PBXContainerItemProxy */ = {
			isa = PBXContainerItemProxy;
			containerPortal = F19BCAF522D86154001853F1 /* Project object */;
			proxyType = 1;
			remoteGlobalIDString = F19BCAFC22D86154001853F1;
			remoteInfo = WXZCeilingView;
		};
		F19BCB2122D86154001853F1 /* PBXContainerItemProxy */ = {
			isa = PBXContainerItemProxy;
			containerPortal = F19BCAF522D86154001853F1 /* Project object */;
			proxyType = 1;
			remoteGlobalIDString = F19BCAFC22D86154001853F1;
			remoteInfo = WXZCeilingView;
		};
/* End PBXContainerItemProxy section */

/* Begin PBXFileReference section */
		F19BCAFD22D86154001853F1 /* WXZCeilingView.app */ = {isa = PBXFileReference; explicitFileType = wrapper.application; includeInIndex = 0; path = WXZCeilingView.app; sourceTree = BUILT_PRODUCTS_DIR; };
		F19BCB0022D86154001853F1 /* AppDelegate.h */ = {isa = PBXFileReference; lastKnownFileType = sourcecode.c.h; path = AppDelegate.h; sourceTree = "<group>"; };
		F19BCB0122D86154001853F1 /* AppDelegate.m */ = {isa = PBXFileReference; lastKnownFileType = sourcecode.c.objc; path = AppDelegate.m; sourceTree = "<group>"; };
		F19BCB0322D86154001853F1 /* ViewController.h */ = {isa = PBXFileReference; lastKnownFileType = sourcecode.c.h; path = ViewController.h; sourceTree = "<group>"; };
		F19BCB0422D86154001853F1 /* ViewController.m */ = {isa = PBXFileReference; lastKnownFileType = sourcecode.c.objc; path = ViewController.m; sourceTree = "<group>"; };
		F19BCB0722D86154001853F1 /* Base */ = {isa = PBXFileReference; lastKnownFileType = file.storyboard; name = Base; path = Base.lproj/Main.storyboard; sourceTree = "<group>"; };
		F19BCB0922D86154001853F1 /* Assets.xcassets */ = {isa = PBXFileReference; lastKnownFileType = folder.assetcatalog; path = Assets.xcassets; sourceTree = "<group>"; };
		F19BCB0C22D86154001853F1 /* Base */ = {isa = PBXFileReference; lastKnownFileType = file.storyboard; name = Base; path = Base.lproj/LaunchScreen.storyboard; sourceTree = "<group>"; };
		F19BCB0E22D86154001853F1 /* Info.plist */ = {isa = PBXFileReference; lastKnownFileType = text.plist.xml; path = Info.plist; sourceTree = "<group>"; };
		F19BCB0F22D86154001853F1 /* main.m */ = {isa = PBXFileReference; lastKnownFileType = sourcecode.c.objc; path = main.m; sourceTree = "<group>"; };
		F19BCB1522D86154001853F1 /* WXZCeilingViewTests.xctest */ = {isa = PBXFileReference; explicitFileType = wrapper.cfbundle; includeInIndex = 0; path = WXZCeilingViewTests.xctest; sourceTree = BUILT_PRODUCTS_DIR; };
		F19BCB1922D86154001853F1 /* WXZCeilingViewTests.m */ = {isa = PBXFileReference; lastKnownFileType = sourcecode.c.objc; path = WXZCeilingViewTests.m; sourceTree = "<group>"; };
		F19BCB1B22D86154001853F1 /* Info.plist */ = {isa = PBXFileReference; lastKnownFileType = text.plist.xml; path = Info.plist; sourceTree = "<group>"; };
		F19BCB2022D86154001853F1 /* WXZCeilingViewUITests.xctest */ = {isa = PBXFileReference; explicitFileType = wrapper.cfbundle; includeInIndex = 0; path = WXZCeilingViewUITests.xctest; sourceTree = BUILT_PRODUCTS_DIR; };
		F19BCB2422D86154001853F1 /* WXZCeilingViewUITests.m */ = {isa = PBXFileReference; lastKnownFileType = sourcecode.c.objc; path = WXZCeilingViewUITests.m; sourceTree = "<group>"; };
		F19BCB2622D86154001853F1 /* Info.plist */ = {isa = PBXFileReference; lastKnownFileType = text.plist.xml; path = Info.plist; sourceTree = "<group>"; };
		F19BCB3322D8617C001853F1 /* WXZCeilingView.h */ = {isa = PBXFileReference; lastKnownFileType = sourcecode.c.h; path = WXZCeilingView.h; sourceTree = "<group>"; };
		F19BCB3422D8617C001853F1 /* WXZCeilingView.m */ = {isa = PBXFileReference; lastKnownFileType = sourcecode.c.objc; path = WXZCeilingView.m; sourceTree = "<group>"; };
		F19BCB3A22D8806D001853F1 /* test.png */ = {isa = PBXFileReference; lastKnownFileType = image.png; path = test.png; sourceTree = "<group>"; };
/* End PBXFileReference section */

/* Begin PBXFrameworksBuildPhase section */
		F19BCAFA22D86154001853F1 /* Frameworks */ = {
			isa = PBXFrameworksBuildPhase;
			buildActionMask = 2147483647;
			files = (
			);
			runOnlyForDeploymentPostprocessing = 0;
		};
		F19BCB1222D86154001853F1 /* Frameworks */ = {
			isa = PBXFrameworksBuildPhase;
			buildActionMask = 2147483647;
			files = (
			);
			runOnlyForDeploymentPostprocessing = 0;
		};
		F19BCB1D22D86154001853F1 /* Frameworks */ = {
			isa = PBXFrameworksBuildPhase;
			buildActionMask = 2147483647;
			files = (
			);
			runOnlyForDeploymentPostprocessing = 0;
		};
/* End PBXFrameworksBuildPhase section */

/* Begin PBXGroup section */
		F19BCAF422D86154001853F1 = {
			isa = PBXGroup;
			children = (
				F19BCAFF22D86154001853F1 /* WXZCeilingView */,
				F19BCB1822D86154001853F1 /* WXZCeilingViewTests */,
				F19BCB2322D86154001853F1 /* WXZCeilingViewUITests */,
				F19BCAFE22D86154001853F1 /* Products */,
			);
			sourceTree = "<group>";
		};
		F19BCAFE22D86154001853F1 /* Products */ = {
			isa = PBXGroup;
			children = (
				F19BCAFD22D86154001853F1 /* WXZCeilingView.app */,
				F19BCB1522D86154001853F1 /* WXZCeilingViewTests.xctest */,
				F19BCB2022D86154001853F1 /* WXZCeilingViewUITests.xctest */,
			);
			name = Products;
			sourceTree = "<group>";
		};
		F19BCAFF22D86154001853F1 /* WXZCeilingView */ = {
			isa = PBXGroup;
			children = (
				F19BCB3922D88065001853F1 /* images */,
				F19BCB3222D86169001853F1 /* CeilingView */,
				F19BCB0022D86154001853F1 /* AppDelegate.h */,
				F19BCB0122D86154001853F1 /* AppDelegate.m */,
				F19BCB0322D86154001853F1 /* ViewController.h */,
				F19BCB0422D86154001853F1 /* ViewController.m */,
				F19BCB0622D86154001853F1 /* Main.storyboard */,
				F19BCB0922D86154001853F1 /* Assets.xcassets */,
				F19BCB0B22D86154001853F1 /* LaunchScreen.storyboard */,
				F19BCB0E22D86154001853F1 /* Info.plist */,
				F19BCB0F22D86154001853F1 /* main.m */,
			);
			path = WXZCeilingView;
			sourceTree = "<group>";
		};
		F19BCB1822D86154001853F1 /* WXZCeilingViewTests */ = {
			isa = PBXGroup;
			children = (
				F19BCB1922D86154001853F1 /* WXZCeilingViewTests.m */,
				F19BCB1B22D86154001853F1 /* Info.plist */,
			);
			path = WXZCeilingViewTests;
			sourceTree = "<group>";
		};
		F19BCB2322D86154001853F1 /* WXZCeilingViewUITests */ = {
			isa = PBXGroup;
			children = (
				F19BCB2422D86154001853F1 /* WXZCeilingViewUITests.m */,
				F19BCB2622D86154001853F1 /* Info.plist */,
			);
			path = WXZCeilingViewUITests;
			sourceTree = "<group>";
		};
		F19BCB3222D86169001853F1 /* CeilingView */ = {
			isa = PBXGroup;
			children = (
				F19BCB3322D8617C001853F1 /* WXZCeilingView.h */,
				F19BCB3422D8617C001853F1 /* WXZCeilingView.m */,
			);
			path = CeilingView;
			sourceTree = "<group>";
		};
		F19BCB3922D88065001853F1 /* images */ = {
			isa = PBXGroup;
			children = (
				F19BCB3A22D8806D001853F1 /* test.png */,
			);
			path = images;
			sourceTree = "<group>";
		};
/* End PBXGroup section */

/* Begin PBXNativeTarget section */
		F19BCAFC22D86154001853F1 /* WXZCeilingView */ = {
			isa = PBXNativeTarget;
			buildConfigurationList = F19BCB2922D86154001853F1 /* Build configuration list for PBXNativeTarget "WXZCeilingView" */;
			buildPhases = (
				F19BCAF922D86154001853F1 /* Sources */,
				F19BCAFA22D86154001853F1 /* Frameworks */,
				F19BCAFB22D86154001853F1 /* Resources */,
			);
			buildRules = (
			);
			dependencies = (
			);
			name = WXZCeilingView;
			productName = WXZCeilingView;
			productReference = F19BCAFD22D86154001853F1 /* WXZCeilingView.app */;
			productType = "com.apple.product-type.application";
		};
		F19BCB1422D86154001853F1 /* WXZCeilingViewTests */ = {
			isa = PBXNativeTarget;
			buildConfigurationList = F19BCB2C22D86154001853F1 /* Build configuration list for PBXNativeTarget "WXZCeilingViewTests" */;
			buildPhases = (
				F19BCB1122D86154001853F1 /* Sources */,
				F19BCB1222D86154001853F1 /* Frameworks */,
				F19BCB1322D86154001853F1 /* Resources */,
			);
			buildRules = (
			);
			dependencies = (
				F19BCB1722D86154001853F1 /* PBXTargetDependency */,
			);
			name = WXZCeilingViewTests;
			productName = WXZCeilingViewTests;
			productReference = F19BCB1522D86154001853F1 /* WXZCeilingViewTests.xctest */;
			productType = "com.apple.product-type.bundle.unit-test";
		};
		F19BCB1F22D86154001853F1 /* WXZCeilingViewUITests */ = {
			isa = PBXNativeTarget;
			buildConfigurationList = F19BCB2F22D86154001853F1 /* Build configuration list for PBXNativeTarget "WXZCeilingViewUITests" */;
			buildPhases = (
				F19BCB1C22D86154001853F1 /* Sources */,
				F19BCB1D22D86154001853F1 /* Frameworks */,
				F19BCB1E22D86154001853F1 /* Resources */,
			);
			buildRules = (
			);
			dependencies = (
				F19BCB2222D86154001853F1 /* PBXTargetDependency */,
			);
			name = WXZCeilingViewUITests;
			productName = WXZCeilingViewUITests;
			productReference = F19BCB2022D86154001853F1 /* WXZCeilingViewUITests.xctest */;
			productType = "com.apple.product-type.bundle.ui-testing";
		};
/* End PBXNativeTarget section */

/* Begin PBXProject section */
		F19BCAF522D86154001853F1 /* Project object */ = {
			isa = PBXProject;
			attributes = {
				LastUpgradeCheck = 1020;
				ORGANIZATIONNAME = "王向召";
				TargetAttributes = {
					F19BCAFC22D86154001853F1 = {
						CreatedOnToolsVersion = 10.2.1;
					};
					F19BCB1422D86154001853F1 = {
						CreatedOnToolsVersion = 10.2.1;
						TestTargetID = F19BCAFC22D86154001853F1;
					};
					F19BCB1F22D86154001853F1 = {
						CreatedOnToolsVersion = 10.2.1;
						TestTargetID = F19BCAFC22D86154001853F1;
					};
				};
			};
			buildConfigurationList = F19BCAF822D86154001853F1 /* Build configuration list for PBXProject "WXZCeilingView" */;
			compatibilityVersion = "Xcode 9.3";
			developmentRegion = en;
			hasScannedForEncodings = 0;
			knownRegions = (
				en,
				Base,
			);
			mainGroup = F19BCAF422D86154001853F1;
			productRefGroup = F19BCAFE22D86154001853F1 /* Products */;
			projectDirPath = "";
			projectRoot = "";
			targets = (
				F19BCAFC22D86154001853F1 /* WXZCeilingView */,
				F19BCB1422D86154001853F1 /* WXZCeilingViewTests */,
				F19BCB1F22D86154001853F1 /* WXZCeilingViewUITests */,
			);
		};
/* End PBXProject section */

/* Begin PBXResourcesBuildPhase section */
		F19BCAFB22D86154001853F1 /* Resources */ = {
			isa = PBXResourcesBuildPhase;
			buildActionMask = 2147483647;
			files = (
				F19BCB0D22D86154001853F1 /* LaunchScreen.storyboard in Resources */,
				F19BCB0A22D86154001853F1 /* Assets.xcassets in Resources */,
				F19BCB0822D86154001853F1 /* Main.storyboard in Resources */,
				F19BCB3B22D8806D001853F1 /* test.png in Resources */,
			);
			runOnlyForDeploymentPostprocessing = 0;
		};
		F19BCB1322D86154001853F1 /* Resources */ = {
			isa = PBXResourcesBuildPhase;
			buildActionMask = 2147483647;
			files = (
			);
			runOnlyForDeploymentPostprocessing = 0;
		};
		F19BCB1E22D86154001853F1 /* Resources */ = {
			isa = PBXResourcesBuildPhase;
			buildActionMask = 2147483647;
			files = (
			);
			runOnlyForDeploymentPostprocessing = 0;
		};
/* End PBXResourcesBuildPhase section */

/* Begin PBXSourcesBuildPhase section */
		F19BCAF922D86154001853F1 /* Sources */ = {
			isa = PBXSourcesBuildPhase;
			buildActionMask = 2147483647;
			files = (
				F19BCB0522D86154001853F1 /* ViewController.m in Sources */,
				F19BCB1022D86154001853F1 /* main.m in Sources */,
				F19BCB3522D8617C001853F1 /* WXZCeilingView.m in Sources */,
				F19BCB0222D86154001853F1 /* AppDelegate.m in Sources */,
			);
			runOnlyForDeploymentPostprocessing = 0;
		};
		F19BCB1122D86154001853F1 /* Sources */ = {
			isa = PBXSourcesBuildPhase;
			buildActionMask = 2147483647;
			files = (
				F19BCB1A22D86154001853F1 /* WXZCeilingViewTests.m in Sources */,
			);
			runOnlyForDeploymentPostprocessing = 0;
		};
		F19BCB1C22D86154001853F1 /* Sources */ = {
			isa = PBXSourcesBuildPhase;
			buildActionMask = 2147483647;
			files = (
				F19BCB2522D86154001853F1 /* WXZCeilingViewUITests.m in Sources */,
			);
			runOnlyForDeploymentPostprocessing = 0;
		};
/* End PBXSourcesBuildPhase section */

/* Begin PBXTargetDependency section */
		F19BCB1722D86154001853F1 /* PBXTargetDependency */ = {
			isa = PBXTargetDependency;
			target = F19BCAFC22D86154001853F1 /* WXZCeilingView */;
			targetProxy = F19BCB1622D86154001853F1 /* PBXContainerItemProxy */;
		};
		F19BCB2222D86154001853F1 /* PBXTargetDependency */ = {
			isa = PBXTargetDependency;
			target = F19BCAFC22D86154001853F1 /* WXZCeilingView */;
			targetProxy = F19BCB2122D86154001853F1 /* PBXContainerItemProxy */;
		};
/* End PBXTargetDependency section */

/* Begin PBXVariantGroup section */
		F19BCB0622D86154001853F1 /* Main.storyboard */ = {
			isa = PBXVariantGroup;
			children = (
				F19BCB0722D86154001853F1 /* Base */,
			);
			name = Main.storyboard;
			sourceTree = "<group>";
		};
		F19BCB0B22D86154001853F1 /* LaunchScreen.storyboard */ = {
			isa = PBXVariantGroup;
			children = (
				F19BCB0C22D86154001853F1 /* Base */,
			);
			name = LaunchScreen.storyboard;
			sourceTree = "<group>";
		};
/* End PBXVariantGroup section */

/* Begin XCBuildConfiguration section */
		F19BCB2722D86154001853F1 /* Debug */ = {
			isa = XCBuildConfiguration;
			buildSettings = {
				ALWAYS_SEARCH_USER_PATHS = NO;
				CLANG_ANALYZER_NONNULL = YES;
				CLANG_ANALYZER_NUMBER_OBJECT_CONVERSION = YES_AGGRESSIVE;
				CLANG_CXX_LANGUAGE_STANDARD = "gnu++14";
				CLANG_CXX_LIBRARY = "libc++";
				CLANG_ENABLE_MODULES = YES;
				CLANG_ENABLE_OBJC_ARC = YES;
				CLANG_ENABLE_OBJC_WEAK = YES;
				CLANG_WARN_BLOCK_CAPTURE_AUTORELEASING = YES;
				CLANG_WARN_BOOL_CONVERSION = YES;
				CLANG_WARN_COMMA = YES;
				CLANG_WARN_CONSTANT_CONVERSION = YES;
				CLANG_WARN_DEPRECATED_OBJC_IMPLEMENTATIONS = YES;
				CLANG_WARN_DIRECT_OBJC_ISA_USAGE = YES_ERROR;
				CLANG_WARN_DOCUMENTATION_COMMENTS = YES;
				CLANG_WARN_EMPTY_BODY = YES;
				CLANG_WARN_ENUM_CONVERSION = YES;
				CLANG_WARN_INFINITE_RECURSION = YES;
				CLANG_WARN_INT_CONVERSION = YES;
				CLANG_WARN_NON_LITERAL_NULL_CONVERSION = YES;
				CLANG_WARN_OBJC_IMPLICIT_RETAIN_SELF = YES;
				CLANG_WARN_OBJC_LITERAL_CONVERSION = YES;
				CLANG_WARN_OBJC_ROOT_CLASS = YES_ERROR;
				CLANG_WARN_RANGE_LOOP_ANALYSIS = YES;
				CLANG_WARN_STRICT_PROTOTYPES = YES;
				CLANG_WARN_SUSPICIOUS_MOVE = YES;
				CLANG_WARN_UNGUARDED_AVAILABILITY = YES_AGGRESSIVE;
				CLANG_WARN_UNREACHABLE_CODE = YES;
				CLANG_WARN__DUPLICATE_METHOD_MATCH = YES;
				CODE_SIGN_IDENTITY = "iPhone Developer";
				COPY_PHASE_STRIP = NO;
				DEBUG_INFORMATION_FORMAT = dwarf;
				ENABLE_STRICT_OBJC_MSGSEND = YES;
				ENABLE_TESTABILITY = YES;
				GCC_C_LANGUAGE_STANDARD = gnu11;
				GCC_DYNAMIC_NO_PIC = NO;
				GCC_NO_COMMON_BLOCKS = YES;
				GCC_OPTIMIZATION_LEVEL = 0;
				GCC_PREPROCESSOR_DEFINITIONS = (
					"DEBUG=1",
					"$(inherited)",
				);
				GCC_WARN_64_TO_32_BIT_CONVERSION = YES;
				GCC_WARN_ABOUT_RETURN_TYPE = YES_ERROR;
				GCC_WARN_UNDECLARED_SELECTOR = YES;
				GCC_WARN_UNINITIALIZED_AUTOS = YES_AGGRESSIVE;
				GCC_WARN_UNUSED_FUNCTION = YES;
				GCC_WARN_UNUSED_VARIABLE = YES;
				IPHONEOS_DEPLOYMENT_TARGET = 12.2;
				MTL_ENABLE_DEBUG_INFO = INCLUDE_SOURCE;
				MTL_FAST_MATH = YES;
				ONLY_ACTIVE_ARCH = YES;
				SDKROOT = iphoneos;
			};
			name = Debug;
		};
		F19BCB2822D86154001853F1 /* Release */ = {
			isa = XCBuildConfiguration;
			buildSettings = {
				ALWAYS_SEARCH_USER_PATHS = NO;
				CLANG_ANALYZER_NONNULL = YES;
				CLANG_ANALYZER_NUMBER_OBJECT_CONVERSION = YES_AGGRESSIVE;
				CLANG_CXX_LANGUAGE_STANDARD = "gnu++14";
				CLANG_CXX_LIBRARY = "libc++";
				CLANG_ENABLE_MODULES = YES;
				CLANG_ENABLE_OBJC_ARC = YES;
				CLANG_ENABLE_OBJC_WEAK = YES;
				CLANG_WARN_BLOCK_CAPTURE_AUTORELEASING = YES;
				CLANG_WARN_BOOL_CONVERSION = YES;
				CLANG_WARN_COMMA = YES;
				CLANG_WARN_CONSTANT_CONVERSION = YES;
				CLANG_WARN_DEPRECATED_OBJC_IMPLEMENTATIONS = YES;
				CLANG_WARN_DIRECT_OBJC_ISA_USAGE = YES_ERROR;
				CLANG_WARN_DOCUMENTATION_COMMENTS = YES;
				CLANG_WARN_EMPTY_BODY = YES;
				CLANG_WARN_ENUM_CONVERSION = YES;
				CLANG_WARN_INFINITE_RECURSION = YES;
				CLANG_WARN_INT_CONVERSION = YES;
				CLANG_WARN_NON_LITERAL_NULL_CONVERSION = YES;
				CLANG_WARN_OBJC_IMPLICIT_RETAIN_SELF = YES;
				CLANG_WARN_OBJC_LITERAL_CONVERSION = YES;
				CLANG_WARN_OBJC_ROOT_CLASS = YES_ERROR;
				CLANG_WARN_RANGE_LOOP_ANALYSIS = YES;
				CLANG_WARN_STRICT_PROTOTYPES = YES;
				CLANG_WARN_SUSPICIOUS_MOVE = YES;
				CLANG_WARN_UNGUARDED_AVAILABILITY = YES_AGGRESSIVE;
				CLANG_WARN_UNREACHABLE_CODE = YES;
				CLANG_WARN__DUPLICATE_METHOD_MATCH = YES;
				CODE_SIGN_IDENTITY = "iPhone Developer";
				COPY_PHASE_STRIP = NO;
				DEBUG_INFORMATION_FORMAT = "dwarf-with-dsym";
				ENABLE_NS_ASSERTIONS = NO;
				ENABLE_STRICT_OBJC_MSGSEND = YES;
				GCC_C_LANGUAGE_STANDARD = gnu11;
				GCC_NO_COMMON_BLOCKS = YES;
				GCC_WARN_64_TO_32_BIT_CONVERSION = YES;
				GCC_WARN_ABOUT_RETURN_TYPE = YES_ERROR;
				GCC_WARN_UNDECLARED_SELECTOR = YES;
				GCC_WARN_UNINITIALIZED_AUTOS = YES_AGGRESSIVE;
				GCC_WARN_UNUSED_FUNCTION = YES;
				GCC_WARN_UNUSED_VARIABLE = YES;
				IPHONEOS_DEPLOYMENT_TARGET = 12.2;
				MTL_ENABLE_DEBUG_INFO = NO;
				MTL_FAST_MATH = YES;
				SDKROOT = iphoneos;
				VALIDATE_PRODUCT = YES;
			};
			name = Release;
		};
		F19BCB2A22D86154001853F1 /* Debug */ = {
			isa = XCBuildConfiguration;
			buildSettings = {
				ASSETCATALOG_COMPILER_APPICON_NAME = AppIcon;
				CODE_SIGN_STYLE = Automatic;
				DEVELOPMENT_TEAM = 49WZZ24454;
				INFOPLIST_FILE = WXZCeilingView/Info.plist;
				LD_RUNPATH_SEARCH_PATHS = (
					"$(inherited)",
					"@executable_path/Frameworks",
				);
				PRODUCT_BUNDLE_IDENTIFIER = com.wxz.WXZCeilingView;
				PRODUCT_NAME = "$(TARGET_NAME)";
				TARGETED_DEVICE_FAMILY = "1,2";
			};
			name = Debug;
		};
		F19BCB2B22D86154001853F1 /* Release */ = {
			isa = XCBuildConfiguration;
			buildSettings = {
				ASSETCATALOG_COMPILER_APPICON_NAME = AppIcon;
				CODE_SIGN_STYLE = Automatic;
				DEVELOPMENT_TEAM = 49WZZ24454;
				INFOPLIST_FILE = WXZCeilingView/Info.plist;
				LD_RUNPATH_SEARCH_PATHS = (
					"$(inherited)",
					"@executable_path/Frameworks",
				);
				PRODUCT_BUNDLE_IDENTIFIER = com.wxz.WXZCeilingView;
				PRODUCT_NAME = "$(TARGET_NAME)";
				TARGETED_DEVICE_FAMILY = "1,2";
			};
			name = Release;
		};
		F19BCB2D22D86154001853F1 /* Debug */ = {
			isa = XCBuildConfiguration;
			buildSettings = {
				BUNDLE_LOADER = "$(TEST_HOST)";
				CODE_SIGN_STYLE = Automatic;
				DEVELOPMENT_TEAM = 49WZZ24454;
				INFOPLIST_FILE = WXZCeilingViewTests/Info.plist;
				LD_RUNPATH_SEARCH_PATHS = (
					"$(inherited)",
					"@executable_path/Frameworks",
					"@loader_path/Frameworks",
				);
				PRODUCT_BUNDLE_IDENTIFIER = com.wxz.WXZCeilingViewTests;
				PRODUCT_NAME = "$(TARGET_NAME)";
				TARGETED_DEVICE_FAMILY = "1,2";
				TEST_HOST = "$(BUILT_PRODUCTS_DIR)/WXZCeilingView.app/WXZCeilingView";
			};
			name = Debug;
		};
		F19BCB2E22D86154001853F1 /* Release */ = {
			isa = XCBuildConfiguration;
			buildSettings = {
				BUNDLE_LOADER = "$(TEST_HOST)";
				CODE_SIGN_STYLE = Automatic;
				DEVELOPMENT_TEAM = 49WZZ24454;
				INFOPLIST_FILE = WXZCeilingViewTests/Info.plist;
				LD_RUNPATH_SEARCH_PATHS = (
					"$(inherited)",
					"@executable_path/Frameworks",
					"@loader_path/Frameworks",
				);
				PRODUCT_BUNDLE_IDENTIFIER = com.wxz.WXZCeilingViewTests;
				PRODUCT_NAME = "$(TARGET_NAME)";
				TARGETED_DEVICE_FAMILY = "1,2";
				TEST_HOST = "$(BUILT_PRODUCTS_DIR)/WXZCeilingView.app/WXZCeilingView";
			};
			name = Release;
		};
		F19BCB3022D86154001853F1 /* Debug */ = {
			isa = XCBuildConfiguration;
			buildSettings = {
				CODE_SIGN_STYLE = Automatic;
				DEVELOPMENT_TEAM = 49WZZ24454;
				INFOPLIST_FILE = WXZCeilingViewUITests/Info.plist;
				LD_RUNPATH_SEARCH_PATHS = (
					"$(inherited)",
					"@executable_path/Frameworks",
					"@loader_path/Frameworks",
				);
				PRODUCT_BUNDLE_IDENTIFIER = com.wxz.WXZCeilingViewUITests;
				PRODUCT_NAME = "$(TARGET_NAME)";
				TARGETED_DEVICE_FAMILY = "1,2";
				TEST_TARGET_NAME = WXZCeilingView;
			};
			name = Debug;
		};
		F19BCB3122D86154001853F1 /* Release */ = {
			isa = XCBuildConfiguration;
			buildSettings = {
				CODE_SIGN_STYLE = Automatic;
				DEVELOPMENT_TEAM = 49WZZ24454;
				INFOPLIST_FILE = WXZCeilingViewUITests/Info.plist;
				LD_RUNPATH_SEARCH_PATHS = (
					"$(inherited)",
					"@executable_path/Frameworks",
					"@loader_path/Frameworks",
				);
				PRODUCT_BUNDLE_IDENTIFIER = com.wxz.WXZCeilingViewUITests;
				PRODUCT_NAME = "$(TARGET_NAME)";
				TARGETED_DEVICE_FAMILY = "1,2";
				TEST_TARGET_NAME = WXZCeilingView;
			};
			name = Release;
		};
/* End XCBuildConfiguration section */

/* Begin XCConfigurationList section */
		F19BCAF822D86154001853F1 /* Build configuration list for PBXProject "WXZCeilingView" */ = {
			isa = XCConfigurationList;
			buildConfigurations = (
				F19BCB2722D86154001853F1 /* Debug */,
				F19BCB2822D86154001853F1 /* Release */,
			);
			defaultConfigurationIsVisible = 0;
			defaultConfigurationName = Release;
		};
		F19BCB2922D86154001853F1 /* Build configuration list for PBXNativeTarget "WXZCeilingView" */ = {
			isa = XCConfigurationList;
			buildConfigurations = (
				F19BCB2A22D86154001853F1 /* Debug */,
				F19BCB2B22D86154001853F1 /* Release */,
			);
			defaultConfigurationIsVisible = 0;
			defaultConfigurationName = Release;
		};
		F19BCB2C22D86154001853F1 /* Build configuration list for PBXNativeTarget "WXZCeilingViewTests" */ = {
			isa = XCConfigurationList;
			buildConfigurations = (
				F19BCB2D22D86154001853F1 /* Debug */,
				F19BCB2E22D86154001853F1 /* Release */,
			);
			defaultConfigurationIsVisible = 0;
			defaultConfigurationName = Release;
		};
		F19BCB2F22D86154001853F1 /* Build configuration list for PBXNativeTarget "WXZCeilingViewUITests" */ = {
			isa = XCConfigurationList;
			buildConfigurations = (
				F19BCB3022D86154001853F1 /* Debug */,
				F19BCB3122D86154001853F1 /* Release */,
			);
			defaultConfigurationIsVisible = 0;
			defaultConfigurationName = Release;
		};
/* End XCConfigurationList section */
	};
	rootObject = F19BCAF522D86154001853F1 /* Project object */;
}
